
Microsoft Visual Studio Solution File, Format Version 12.00
# Visual Studio Version 17
VisualStudioVersion = 17.9.34728.123
MinimumVisualStudioVersion = 10.0.40219.1
Project("{FAE04EC0-301F-11D3-BF4B-00C04F79EFBC}") = "aerolinea", "aerolinea\aerolinea.csproj", "{FD9C711F-5E5A-4516-B87C-19A7E513A5A8}"
EndProject
Global
	GlobalSection(SolutionConfigurationPlatforms) = preSolution
		Debug|Any CPU = Debug|Any CPU
		Release|Any CPU = Release|Any CPU
	EndGlobalSection
	GlobalSection(ProjectConfigurationPlatforms) = postSolution
		{FD9C711F-5E5A-4516-B87C-19A7E513A5A8}.Debug|Any CPU.ActiveCfg = Debug|Any CPU
		{FD9C711F-5E5A-4516-B87C-19A7E513A5A8}.Debug|Any CPU.Build.0 = Debug|Any CPU
		{FD9C711F-5E5A-4516-B87C-19A7E513A5A8}.Release|Any CPU.ActiveCfg = Release|Any CPU
		{FD9C711F-5E5A-4516-B87C-19A7E513A5A8}.Release|Any CPU.Build.0 = Release|Any CPU
	EndGlobalSection
	GlobalSection(SolutionProperties) = preSolution
		HideSolutionNode = FALSE
	EndGlobalSection
	GlobalSection(ExtensibilityGlobals) = postSolution
		SolutionGuid = {6FBAF54B-BD3C-45D0-A9EC-78B0EEEB219A}
	EndGlobalSection
EndGlobal
